
Microsoft Visual Studio Solution File, Format Version 12.00
# Visual Studio Version 17
VisualStudioVersion = 17.3.32901.215
MinimumVisualStudioVersion = 10.0.40219.1
Project("{FAE04EC0-301F-11D3-BF4B-00C04F79EFBC}") = "anonymousinterest", "anonymousinterest\anonymousinterest.csproj", "{9BF5EC33-7E45-4581-8DCA-B6CCE0F49D9D}"
EndProject
Global
	GlobalSection(SolutionConfigurationPlatforms) = preSolution
		Debug|Any CPU = Debug|Any CPU
		Release|Any CPU = Release|Any CPU
	EndGlobalSection
	GlobalSection(ProjectConfigurationPlatforms) = postSolution
		{9BF5EC33-7E45-4581-8DCA-B6CCE0F49D9D}.Debug|Any CPU.ActiveCfg = Debug|Any CPU
		{9BF5EC33-7E45-4581-8DCA-B6CCE0F49D9D}.Debug|Any CPU.Build.0 = Debug|Any CPU
		{9BF5EC33-7E45-4581-8DCA-B6CCE0F49D9D}.Release|Any CPU.ActiveCfg = Release|Any CPU
		{9BF5EC33-7E45-4581-8DCA-B6CCE0F49D9D}.Release|Any CPU.Build.0 = Release|Any CPU
	EndGlobalSection
	GlobalSection(SolutionProperties) = preSolution
		HideSolutionNode = FALSE
	EndGlobalSection
	GlobalSection(ExtensibilityGlobals) = postSolution
		SolutionGuid = {DEEECD7F-355D-4C30-950E-4C5E07C613D3}
	EndGlobalSection
EndGlobal
